
Microsoft Visual Studio Solution File, Format Version 12.00
# Visual Studio Version 16
VisualStudioVersion = 16.0.30907.101
MinimumVisualStudioVersion = 10.0.40219.1
Project("{2150E333-8FDC-42A3-9474-1A3956D46DE8}") = "0-API", "0-API", "{A9344FC6-2BE9-470B-8F29-CD99CADE2C8B}"
EndProject
Project("{2150E333-8FDC-42A3-9474-1A3956D46DE8}") = "2-Domain", "2-Domain", "{D24A5692-FD92-4593-AF14-04EB567E97A6}"
EndProject
Project("{2150E333-8FDC-42A3-9474-1A3956D46DE8}") = "3-Infrastructure", "3-Infrastructure", "{1F587CCE-623E-4559-A9F2-2501F3AD80C2}"
EndProject
Project("{2150E333-8FDC-42A3-9474-1A3956D46DE8}") = "4-Tests", "4-Tests", "{02E5037D-E8B1-4E44-BDBA-E5C70DA36B1A}"
EndProject
Project("{9A19103F-16F7-4668-BE54-9A1E7A4F7556}") = "CottonCandy.Domain", "src\Modules\CottonCandy.Domain\CottonCandy.Domain.csproj", "{1E087B53-F002-41FA-AB1E-934670A528F7}"
EndProject
Project("{2150E333-8FDC-42A3-9474-1A3956D46DE8}") = "3.1-Repositories", "3.1-Repositories", "{360D7BDD-A1CD-478C-863A-8991B475F542}"
EndProject
Project("{2150E333-8FDC-42A3-9474-1A3956D46DE8}") = "3.2-IoC", "3.2-IoC", "{D7EDCC36-C208-450E-BF4D-08F63D61F205}"
EndProject
Project("{9A19103F-16F7-4668-BE54-9A1E7A4F7556}") = "CottonCandy.API", "src\Services\CottonCandy.API\CottonCandy.API.csproj", "{B29AD6F3-ED01-4C54-B737-7B99DDF7362B}"
EndProject
Project("{9A19103F-16F7-4668-BE54-9A1E7A4F7556}") = "CottonCandy.Repositories.IoC", "src\Modules\CottonCandy.Repositories.IoC\CottonCandy.Repositories.IoC.csproj", "{3B4306CD-5376-4D1A-A64F-A1EB0923CCAC}"
EndProject
Project("{2150E333-8FDC-42A3-9474-1A3956D46DE8}") = "1-Application", "1-Application", "{3EC29BE4-77C5-4A8B-BC3C-ECD11BA2AB96}"
EndProject
Project("{FAE04EC0-301F-11D3-BF4B-00C04F79EFBC}") = "CottonCandy.Application", "src\Modules\CottonCandy.Application\CottonCandy.Application.csproj", "{3D585873-6C06-43CE-92A7-3EF8634D8976}"
EndProject
Project("{FAE04EC0-301F-11D3-BF4B-00C04F79EFBC}") = "CottonCandy.Repositories", "src\Modules\CottonCandy.Repositories\CottonCandy.Repositories.csproj", "{8B65A11F-332F-4BA4-AE92-A8BD750CDF63}"
EndProject
Global
	GlobalSection(SolutionConfigurationPlatforms) = preSolution
		Debug|Any CPU = Debug|Any CPU
		Release|Any CPU = Release|Any CPU
	EndGlobalSection
	GlobalSection(ProjectConfigurationPlatforms) = postSolution
		{1E087B53-F002-41FA-AB1E-934670A528F7}.Debug|Any CPU.ActiveCfg = Debug|Any CPU
		{1E087B53-F002-41FA-AB1E-934670A528F7}.Debug|Any CPU.Build.0 = Debug|Any CPU
		{1E087B53-F002-41FA-AB1E-934670A528F7}.Release|Any CPU.ActiveCfg = Release|Any CPU
		{1E087B53-F002-41FA-AB1E-934670A528F7}.Release|Any CPU.Build.0 = Release|Any CPU
		{B29AD6F3-ED01-4C54-B737-7B99DDF7362B}.Debug|Any CPU.ActiveCfg = Debug|Any CPU
		{B29AD6F3-ED01-4C54-B737-7B99DDF7362B}.Debug|Any CPU.Build.0 = Debug|Any CPU
		{B29AD6F3-ED01-4C54-B737-7B99DDF7362B}.Release|Any CPU.ActiveCfg = Release|Any CPU
		{B29AD6F3-ED01-4C54-B737-7B99DDF7362B}.Release|Any CPU.Build.0 = Release|Any CPU
		{3B4306CD-5376-4D1A-A64F-A1EB0923CCAC}.Debug|Any CPU.ActiveCfg = Debug|Any CPU
		{3B4306CD-5376-4D1A-A64F-A1EB0923CCAC}.Debug|Any CPU.Build.0 = Debug|Any CPU
		{3B4306CD-5376-4D1A-A64F-A1EB0923CCAC}.Release|Any CPU.ActiveCfg = Release|Any CPU
		{3B4306CD-5376-4D1A-A64F-A1EB0923CCAC}.Release|Any CPU.Build.0 = Release|Any CPU
		{3D585873-6C06-43CE-92A7-3EF8634D8976}.Debug|Any CPU.ActiveCfg = Debug|Any CPU
		{3D585873-6C06-43CE-92A7-3EF8634D8976}.Debug|Any CPU.Build.0 = Debug|Any CPU
		{3D585873-6C06-43CE-92A7-3EF8634D8976}.Release|Any CPU.ActiveCfg = Release|Any CPU
		{3D585873-6C06-43CE-92A7-3EF8634D8976}.Release|Any CPU.Build.0 = Release|Any CPU
		{8B65A11F-332F-4BA4-AE92-A8BD750CDF63}.Debug|Any CPU.ActiveCfg = Debug|Any CPU
		{8B65A11F-332F-4BA4-AE92-A8BD750CDF63}.Debug|Any CPU.Build.0 = Debug|Any CPU
		{8B65A11F-332F-4BA4-AE92-A8BD750CDF63}.Release|Any CPU.ActiveCfg = Release|Any CPU
		{8B65A11F-332F-4BA4-AE92-A8BD750CDF63}.Release|Any CPU.Build.0 = Release|Any CPU
	EndGlobalSection
	GlobalSection(SolutionProperties) = preSolution
		HideSolutionNode = FALSE
	EndGlobalSection
	GlobalSection(NestedProjects) = preSolution
		{1E087B53-F002-41FA-AB1E-934670A528F7} = {D24A5692-FD92-4593-AF14-04EB567E97A6}
		{360D7BDD-A1CD-478C-863A-8991B475F542} = {1F587CCE-623E-4559-A9F2-2501F3AD80C2}
		{D7EDCC36-C208-450E-BF4D-08F63D61F205} = {1F587CCE-623E-4559-A9F2-2501F3AD80C2}
		{B29AD6F3-ED01-4C54-B737-7B99DDF7362B} = {A9344FC6-2BE9-470B-8F29-CD99CADE2C8B}
		{3B4306CD-5376-4D1A-A64F-A1EB0923CCAC} = {D7EDCC36-C208-450E-BF4D-08F63D61F205}
		{3D585873-6C06-43CE-92A7-3EF8634D8976} = {3EC29BE4-77C5-4A8B-BC3C-ECD11BA2AB96}
		{8B65A11F-332F-4BA4-AE92-A8BD750CDF63} = {360D7BDD-A1CD-478C-863A-8991B475F542}
	EndGlobalSection
	GlobalSection(ExtensibilityGlobals) = postSolution
		SolutionGuid = {B4058DA5-3655-458F-B445-8DAF3061CF83}
	EndGlobalSection
EndGlobal
