
Microsoft Visual Studio Solution File, Format Version 12.00
# Visual Studio Version 16
VisualStudioVersion = 16.0.30907.101
MinimumVisualStudioVersion = 10.0.40219.1
Project("{2150E333-8FDC-42A3-9474-1A3956D46DE8}") = "0-Api", "0-Api", "{36809D51-E65F-45E1-8642-5265525C5AF8}"
EndProject
Project("{2150E333-8FDC-42A3-9474-1A3956D46DE8}") = "1-Application", "1-Application", "{D8E569A2-9AD3-4434-A605-A81348E2BD7A}"
EndProject
Project("{2150E333-8FDC-42A3-9474-1A3956D46DE8}") = "2-Domain", "2-Domain", "{19F9C7E6-8873-4B37-A3A4-E2A59590AFFB}"
EndProject
Project("{2150E333-8FDC-42A3-9474-1A3956D46DE8}") = "3-Infra", "3-Infra", "{F4CFDA53-9947-426C-B0E7-163C4C5024C4}"
EndProject
Project("{2150E333-8FDC-42A3-9474-1A3956D46DE8}") = "4-Tests", "4-Tests", "{CA9042CD-EB42-4489-8F05-131C32C3A191}"
EndProject
Project("{FAE04EC0-301F-11D3-BF4B-00C04F79EFBC}") = "CottonCandy.Domain", "src\Modules\CottonCandy.Domain\CottonCandy.Domain.csproj", "{85797234-01AE-413F-AE44-AF13665A3090}"
EndProject
Project("{2150E333-8FDC-42A3-9474-1A3956D46DE8}") = "3.1-Repositories", "3.1-Repositories", "{D41B5EC6-979A-4B82-8146-C0B92DA8ED38}"
EndProject
Project("{2150E333-8FDC-42A3-9474-1A3956D46DE8}") = "3.2-IoC", "3.2-IoC", "{9C01D8D8-C8ED-48DB-BFD8-913E17BEC088}"
EndProject
Project("{FAE04EC0-301F-11D3-BF4B-00C04F79EFBC}") = "CottonCandy.Repositories", "src\Modules\CottonCandy.Repository\CottonCandy.Repositories.csproj", "{041A16E6-5A0F-49A2-AAA3-06B13B549A28}"
EndProject
Project("{FAE04EC0-301F-11D3-BF4B-00C04F79EFBC}") = "CottonCandy.Repositories.IoC", "src\Modules\CottonCandy.Repositories.IoC\CottonCandy.Repositories.IoC.csproj", "{5FF4448A-6E2C-415B-AE46-86A98B3647D2}"
EndProject
Project("{FAE04EC0-301F-11D3-BF4B-00C04F79EFBC}") = "CottonCandy.Application", "src\Modules\CottonCandy.Application\CottonCandy.Application.csproj", "{4657A5B4-1386-4ECF-B5FC-29E0341A5601}"
EndProject
Project("{FAE04EC0-301F-11D3-BF4B-00C04F79EFBC}") = "CottonCandy.API", "src\Services\CottonCandy.API\CottonCandy.API.csproj", "{BAC97ADA-E28B-4816-88DE-683199660C50}"
EndProject
Global
	GlobalSection(SolutionConfigurationPlatforms) = preSolution
		Debug|Any CPU = Debug|Any CPU
		Release|Any CPU = Release|Any CPU
	EndGlobalSection
	GlobalSection(ProjectConfigurationPlatforms) = postSolution
		{85797234-01AE-413F-AE44-AF13665A3090}.Debug|Any CPU.ActiveCfg = Debug|Any CPU
		{85797234-01AE-413F-AE44-AF13665A3090}.Debug|Any CPU.Build.0 = Debug|Any CPU
		{85797234-01AE-413F-AE44-AF13665A3090}.Release|Any CPU.ActiveCfg = Release|Any CPU
		{85797234-01AE-413F-AE44-AF13665A3090}.Release|Any CPU.Build.0 = Release|Any CPU
		{041A16E6-5A0F-49A2-AAA3-06B13B549A28}.Debug|Any CPU.ActiveCfg = Debug|Any CPU
		{041A16E6-5A0F-49A2-AAA3-06B13B549A28}.Debug|Any CPU.Build.0 = Debug|Any CPU
		{041A16E6-5A0F-49A2-AAA3-06B13B549A28}.Release|Any CPU.ActiveCfg = Release|Any CPU
		{041A16E6-5A0F-49A2-AAA3-06B13B549A28}.Release|Any CPU.Build.0 = Release|Any CPU
		{5FF4448A-6E2C-415B-AE46-86A98B3647D2}.Debug|Any CPU.ActiveCfg = Debug|Any CPU
		{5FF4448A-6E2C-415B-AE46-86A98B3647D2}.Debug|Any CPU.Build.0 = Debug|Any CPU
		{5FF4448A-6E2C-415B-AE46-86A98B3647D2}.Release|Any CPU.ActiveCfg = Release|Any CPU
		{5FF4448A-6E2C-415B-AE46-86A98B3647D2}.Release|Any CPU.Build.0 = Release|Any CPU
		{4657A5B4-1386-4ECF-B5FC-29E0341A5601}.Debug|Any CPU.ActiveCfg = Debug|Any CPU
		{4657A5B4-1386-4ECF-B5FC-29E0341A5601}.Debug|Any CPU.Build.0 = Debug|Any CPU
		{4657A5B4-1386-4ECF-B5FC-29E0341A5601}.Release|Any CPU.ActiveCfg = Release|Any CPU
		{4657A5B4-1386-4ECF-B5FC-29E0341A5601}.Release|Any CPU.Build.0 = Release|Any CPU
		{BAC97ADA-E28B-4816-88DE-683199660C50}.Debug|Any CPU.ActiveCfg = Debug|Any CPU
		{BAC97ADA-E28B-4816-88DE-683199660C50}.Debug|Any CPU.Build.0 = Debug|Any CPU
		{BAC97ADA-E28B-4816-88DE-683199660C50}.Release|Any CPU.ActiveCfg = Release|Any CPU
		{BAC97ADA-E28B-4816-88DE-683199660C50}.Release|Any CPU.Build.0 = Release|Any CPU
	EndGlobalSection
	GlobalSection(SolutionProperties) = preSolution
		HideSolutionNode = FALSE
	EndGlobalSection
	GlobalSection(NestedProjects) = preSolution
		{85797234-01AE-413F-AE44-AF13665A3090} = {19F9C7E6-8873-4B37-A3A4-E2A59590AFFB}
		{D41B5EC6-979A-4B82-8146-C0B92DA8ED38} = {F4CFDA53-9947-426C-B0E7-163C4C5024C4}
		{9C01D8D8-C8ED-48DB-BFD8-913E17BEC088} = {F4CFDA53-9947-426C-B0E7-163C4C5024C4}
		{041A16E6-5A0F-49A2-AAA3-06B13B549A28} = {D41B5EC6-979A-4B82-8146-C0B92DA8ED38}
		{5FF4448A-6E2C-415B-AE46-86A98B3647D2} = {9C01D8D8-C8ED-48DB-BFD8-913E17BEC088}
		{4657A5B4-1386-4ECF-B5FC-29E0341A5601} = {D8E569A2-9AD3-4434-A605-A81348E2BD7A}
		{BAC97ADA-E28B-4816-88DE-683199660C50} = {36809D51-E65F-45E1-8642-5265525C5AF8}
	EndGlobalSection
	GlobalSection(ExtensibilityGlobals) = postSolution
		SolutionGuid = {DC9B4C68-12B4-4304-A957-2DC22A6EBFC7}
	EndGlobalSection
EndGlobal
